
Microsoft Visual Studio Solution File, Format Version 12.00
# Visual Studio 15
VisualStudioVersion = 15.0.28307.1169
MinimumVisualStudioVersion = 10.0.40219.1
Project("{8BC9CEB8-8B4A-11D0-8D11-00A0C91BC942}") = "DriverStation", "DriverStation\DriverStation.vcxproj", "{80908663-65CD-4F17-A924-C8B006AB9A88}"
EndProject
Project("{8BC9CEB8-8B4A-11D0-8D11-00A0C91BC942}") = "RobotAssembly_static", "..\RobotAssembly\RobotAssembly\RobotAssembly_static.vcxproj", "{8B571083-A29D-482D-9FA2-D3630E3D6BB6}"
EndProject
Project("{8BC9CEB8-8B4A-11D0-8D11-00A0C91BC942}") = "SmartDashboard", "..\..\Libraries\SmartDashboard\SmartDashboard.vcxproj", "{556FC434-D0C3-4B96-BF29-E9CF5CD24F02}"
EndProject
Global
	GlobalSection(SolutionConfigurationPlatforms) = preSolution
		Debug|x64 = Debug|x64
		Debug|x86 = Debug|x86
		DebugCuda_Mkl_Tbb|x64 = DebugCuda_Mkl_Tbb|x64
		DebugCuda_Mkl_Tbb|x86 = DebugCuda_Mkl_Tbb|x86
		DebugCuda|x64 = DebugCuda|x64
		DebugCuda|x86 = DebugCuda|x86
		Release|x64 = Release|x64
		Release|x86 = Release|x86
		ReleaseCuda_Mkl_Tbb|x64 = ReleaseCuda_Mkl_Tbb|x64
		ReleaseCuda_Mkl_Tbb|x86 = ReleaseCuda_Mkl_Tbb|x86
		ReleaseCuda|x64 = ReleaseCuda|x64
		ReleaseCuda|x86 = ReleaseCuda|x86
	EndGlobalSection
	GlobalSection(ProjectConfigurationPlatforms) = postSolution
		{80908663-65CD-4F17-A924-C8B006AB9A88}.Debug|x64.ActiveCfg = Debug|x64
		{80908663-65CD-4F17-A924-C8B006AB9A88}.Debug|x64.Build.0 = Debug|x64
		{80908663-65CD-4F17-A924-C8B006AB9A88}.Debug|x86.ActiveCfg = Debug|Win32
		{80908663-65CD-4F17-A924-C8B006AB9A88}.Debug|x86.Build.0 = Debug|Win32
		{80908663-65CD-4F17-A924-C8B006AB9A88}.DebugCuda_Mkl_Tbb|x64.ActiveCfg = Debug|x64
		{80908663-65CD-4F17-A924-C8B006AB9A88}.DebugCuda_Mkl_Tbb|x64.Build.0 = Debug|x64
		{80908663-65CD-4F17-A924-C8B006AB9A88}.DebugCuda_Mkl_Tbb|x86.ActiveCfg = Debug|Win32
		{80908663-65CD-4F17-A924-C8B006AB9A88}.DebugCuda_Mkl_Tbb|x86.Build.0 = Debug|Win32
		{80908663-65CD-4F17-A924-C8B006AB9A88}.DebugCuda|x64.ActiveCfg = Debug|x64
		{80908663-65CD-4F17-A924-C8B006AB9A88}.DebugCuda|x64.Build.0 = Debug|x64
		{80908663-65CD-4F17-A924-C8B006AB9A88}.DebugCuda|x86.ActiveCfg = Debug|Win32
		{80908663-65CD-4F17-A924-C8B006AB9A88}.DebugCuda|x86.Build.0 = Debug|Win32
		{80908663-65CD-4F17-A924-C8B006AB9A88}.Release|x64.ActiveCfg = Release|x64
		{80908663-65CD-4F17-A924-C8B006AB9A88}.Release|x64.Build.0 = Release|x64
		{80908663-65CD-4F17-A924-C8B006AB9A88}.Release|x86.ActiveCfg = Release|Win32
		{80908663-65CD-4F17-A924-C8B006AB9A88}.Release|x86.Build.0 = Release|Win32
		{80908663-65CD-4F17-A924-C8B006AB9A88}.ReleaseCuda_Mkl_Tbb|x64.ActiveCfg = Release|x64
		{80908663-65CD-4F17-A924-C8B006AB9A88}.ReleaseCuda_Mkl_Tbb|x64.Build.0 = Release|x64
		{80908663-65CD-4F17-A924-C8B006AB9A88}.ReleaseCuda_Mkl_Tbb|x86.ActiveCfg = Release|Win32
		{80908663-65CD-4F17-A924-C8B006AB9A88}.ReleaseCuda_Mkl_Tbb|x86.Build.0 = Release|Win32
		{80908663-65CD-4F17-A924-C8B006AB9A88}.ReleaseCuda|x64.ActiveCfg = Release|x64
		{80908663-65CD-4F17-A924-C8B006AB9A88}.ReleaseCuda|x64.Build.0 = Release|x64
		{80908663-65CD-4F17-A924-C8B006AB9A88}.ReleaseCuda|x86.ActiveCfg = Release|Win32
		{80908663-65CD-4F17-A924-C8B006AB9A88}.ReleaseCuda|x86.Build.0 = Release|Win32
		{8B571083-A29D-482D-9FA2-D3630E3D6BB6}.Debug|x64.ActiveCfg = Debug|x64
		{8B571083-A29D-482D-9FA2-D3630E3D6BB6}.Debug|x64.Build.0 = Debug|x64
		{8B571083-A29D-482D-9FA2-D3630E3D6BB6}.Debug|x86.ActiveCfg = Debug|Win32
		{8B571083-A29D-482D-9FA2-D3630E3D6BB6}.Debug|x86.Build.0 = Debug|Win32
		{8B571083-A29D-482D-9FA2-D3630E3D6BB6}.DebugCuda_Mkl_Tbb|x64.ActiveCfg = Debug|x64
		{8B571083-A29D-482D-9FA2-D3630E3D6BB6}.DebugCuda_Mkl_Tbb|x64.Build.0 = Debug|x64
		{8B571083-A29D-482D-9FA2-D3630E3D6BB6}.DebugCuda_Mkl_Tbb|x86.ActiveCfg = Debug|Win32
		{8B571083-A29D-482D-9FA2-D3630E3D6BB6}.DebugCuda_Mkl_Tbb|x86.Build.0 = Debug|Win32
		{8B571083-A29D-482D-9FA2-D3630E3D6BB6}.DebugCuda|x64.ActiveCfg = Debug|x64
		{8B571083-A29D-482D-9FA2-D3630E3D6BB6}.DebugCuda|x64.Build.0 = Debug|x64
		{8B571083-A29D-482D-9FA2-D3630E3D6BB6}.DebugCuda|x86.ActiveCfg = Debug|Win32
		{8B571083-A29D-482D-9FA2-D3630E3D6BB6}.DebugCuda|x86.Build.0 = Debug|Win32
		{8B571083-A29D-482D-9FA2-D3630E3D6BB6}.Release|x64.ActiveCfg = Release|x64
		{8B571083-A29D-482D-9FA2-D3630E3D6BB6}.Release|x64.Build.0 = Release|x64
		{8B571083-A29D-482D-9FA2-D3630E3D6BB6}.Release|x86.ActiveCfg = Release|Win32
		{8B571083-A29D-482D-9FA2-D3630E3D6BB6}.Release|x86.Build.0 = Release|Win32
		{8B571083-A29D-482D-9FA2-D3630E3D6BB6}.ReleaseCuda_Mkl_Tbb|x64.ActiveCfg = Release|x64
		{8B571083-A29D-482D-9FA2-D3630E3D6BB6}.ReleaseCuda_Mkl_Tbb|x64.Build.0 = Release|x64
		{8B571083-A29D-482D-9FA2-D3630E3D6BB6}.ReleaseCuda_Mkl_Tbb|x86.ActiveCfg = Release|Win32
		{8B571083-A29D-482D-9FA2-D3630E3D6BB6}.ReleaseCuda_Mkl_Tbb|x86.Build.0 = Release|Win32
		{8B571083-A29D-482D-9FA2-D3630E3D6BB6}.ReleaseCuda|x64.ActiveCfg = Release|x64
		{8B571083-A29D-482D-9FA2-D3630E3D6BB6}.ReleaseCuda|x64.Build.0 = Release|x64
		{8B571083-A29D-482D-9FA2-D3630E3D6BB6}.ReleaseCuda|x86.ActiveCfg = Release|Win32
		{8B571083-A29D-482D-9FA2-D3630E3D6BB6}.ReleaseCuda|x86.Build.0 = Release|Win32
		{556FC434-D0C3-4B96-BF29-E9CF5CD24F02}.Debug|x64.ActiveCfg = Debug|x64
		{556FC434-D0C3-4B96-BF29-E9CF5CD24F02}.Debug|x64.Build.0 = Debug|x64
		{556FC434-D0C3-4B96-BF29-E9CF5CD24F02}.Debug|x86.ActiveCfg = Debug|Win32
		{556FC434-D0C3-4B96-BF29-E9CF5CD24F02}.Debug|x86.Build.0 = Debug|Win32
		{556FC434-D0C3-4B96-BF29-E9CF5CD24F02}.DebugCuda_Mkl_Tbb|x64.ActiveCfg = DebugCuda_Mkl_Tbb|x64
		{556FC434-D0C3-4B96-BF29-E9CF5CD24F02}.DebugCuda_Mkl_Tbb|x64.Build.0 = DebugCuda_Mkl_Tbb|x64
		{556FC434-D0C3-4B96-BF29-E9CF5CD24F02}.DebugCuda_Mkl_Tbb|x86.ActiveCfg = DebugCuda_Mkl_Tbb|Win32
		{556FC434-D0C3-4B96-BF29-E9CF5CD24F02}.DebugCuda_Mkl_Tbb|x86.Build.0 = DebugCuda_Mkl_Tbb|Win32
		{556FC434-D0C3-4B96-BF29-E9CF5CD24F02}.DebugCuda|x64.ActiveCfg = DebugCuda|x64
		{556FC434-D0C3-4B96-BF29-E9CF5CD24F02}.DebugCuda|x64.Build.0 = DebugCuda|x64
		{556FC434-D0C3-4B96-BF29-E9CF5CD24F02}.DebugCuda|x86.ActiveCfg = DebugCuda|Win32
		{556FC434-D0C3-4B96-BF29-E9CF5CD24F02}.DebugCuda|x86.Build.0 = DebugCuda|Win32
		{556FC434-D0C3-4B96-BF29-E9CF5CD24F02}.Release|x64.ActiveCfg = Release|x64
		{556FC434-D0C3-4B96-BF29-E9CF5CD24F02}.Release|x64.Build.0 = Release|x64
		{556FC434-D0C3-4B96-BF29-E9CF5CD24F02}.Release|x86.ActiveCfg = Release|Win32
		{556FC434-D0C3-4B96-BF29-E9CF5CD24F02}.Release|x86.Build.0 = Release|Win32
		{556FC434-D0C3-4B96-BF29-E9CF5CD24F02}.ReleaseCuda_Mkl_Tbb|x64.ActiveCfg = ReleaseCuda_Mkl_Tbb|x64
		{556FC434-D0C3-4B96-BF29-E9CF5CD24F02}.ReleaseCuda_Mkl_Tbb|x64.Build.0 = ReleaseCuda_Mkl_Tbb|x64
		{556FC434-D0C3-4B96-BF29-E9CF5CD24F02}.ReleaseCuda_Mkl_Tbb|x86.ActiveCfg = ReleaseCuda_Mkl_Tbb|Win32
		{556FC434-D0C3-4B96-BF29-E9CF5CD24F02}.ReleaseCuda_Mkl_Tbb|x86.Build.0 = ReleaseCuda_Mkl_Tbb|Win32
		{556FC434-D0C3-4B96-BF29-E9CF5CD24F02}.ReleaseCuda|x64.ActiveCfg = ReleaseCuda|x64
		{556FC434-D0C3-4B96-BF29-E9CF5CD24F02}.ReleaseCuda|x64.Build.0 = ReleaseCuda|x64
		{556FC434-D0C3-4B96-BF29-E9CF5CD24F02}.ReleaseCuda|x86.ActiveCfg = ReleaseCuda|Win32
		{556FC434-D0C3-4B96-BF29-E9CF5CD24F02}.ReleaseCuda|x86.Build.0 = ReleaseCuda|Win32
	EndGlobalSection
	GlobalSection(SolutionProperties) = preSolution
		HideSolutionNode = FALSE
	EndGlobalSection
	GlobalSection(ExtensibilityGlobals) = postSolution
		SolutionGuid = {5EC5D2B8-9EBC-41DF-ACAF-9C9B6D8AE741}
	EndGlobalSection
EndGlobal
