
Microsoft Visual Studio Solution File, Format Version 12.00
# Visual Studio 15
VisualStudioVersion = 15.0.28307.1231
MinimumVisualStudioVersion = 10.0.40219.1
Project("{8BC9CEB8-8B4A-11D0-8D11-00A0C91BC942}") = "MotionControl2D_physics", "MotionControl2D_physics\MotionControl2D_physics.vcxproj", "{71497A23-6B6B-4436-AD12-36C28102296C}"
EndProject
Project("{8BC9CEB8-8B4A-11D0-8D11-00A0C91BC942}") = "SmartDashboard", "..\..\..\Libraries\SmartDashboard\SmartDashboard.vcxproj", "{556FC434-D0C3-4B96-BF29-E9CF5CD24F02}"
EndProject
Global
	GlobalSection(SolutionConfigurationPlatforms) = preSolution
		Debug|x64 = Debug|x64
		Debug|x86 = Debug|x86
		DebugCuda_Mkl_Tbb|x64 = DebugCuda_Mkl_Tbb|x64
		DebugCuda_Mkl_Tbb|x86 = DebugCuda_Mkl_Tbb|x86
		DebugCuda|x64 = DebugCuda|x64
		DebugCuda|x86 = DebugCuda|x86
		Release|x64 = Release|x64
		Release|x86 = Release|x86
		ReleaseCuda_Mkl_Tbb|x64 = ReleaseCuda_Mkl_Tbb|x64
		ReleaseCuda_Mkl_Tbb|x86 = ReleaseCuda_Mkl_Tbb|x86
		ReleaseCuda|x64 = ReleaseCuda|x64
		ReleaseCuda|x86 = ReleaseCuda|x86
	EndGlobalSection
	GlobalSection(ProjectConfigurationPlatforms) = postSolution
		{71497A23-6B6B-4436-AD12-36C28102296C}.Debug|x64.ActiveCfg = Debug|x64
		{71497A23-6B6B-4436-AD12-36C28102296C}.Debug|x64.Build.0 = Debug|x64
		{71497A23-6B6B-4436-AD12-36C28102296C}.Debug|x86.ActiveCfg = Debug|Win32
		{71497A23-6B6B-4436-AD12-36C28102296C}.Debug|x86.Build.0 = Debug|Win32
		{71497A23-6B6B-4436-AD12-36C28102296C}.DebugCuda_Mkl_Tbb|x64.ActiveCfg = Debug|x64
		{71497A23-6B6B-4436-AD12-36C28102296C}.DebugCuda_Mkl_Tbb|x64.Build.0 = Debug|x64
		{71497A23-6B6B-4436-AD12-36C28102296C}.DebugCuda_Mkl_Tbb|x86.ActiveCfg = Debug|Win32
		{71497A23-6B6B-4436-AD12-36C28102296C}.DebugCuda_Mkl_Tbb|x86.Build.0 = Debug|Win32
		{71497A23-6B6B-4436-AD12-36C28102296C}.DebugCuda|x64.ActiveCfg = Debug|x64
		{71497A23-6B6B-4436-AD12-36C28102296C}.DebugCuda|x64.Build.0 = Debug|x64
		{71497A23-6B6B-4436-AD12-36C28102296C}.DebugCuda|x86.ActiveCfg = Debug|Win32
		{71497A23-6B6B-4436-AD12-36C28102296C}.DebugCuda|x86.Build.0 = Debug|Win32
		{71497A23-6B6B-4436-AD12-36C28102296C}.Release|x64.ActiveCfg = Release|x64
		{71497A23-6B6B-4436-AD12-36C28102296C}.Release|x64.Build.0 = Release|x64
		{71497A23-6B6B-4436-AD12-36C28102296C}.Release|x86.ActiveCfg = Release|Win32
		{71497A23-6B6B-4436-AD12-36C28102296C}.Release|x86.Build.0 = Release|Win32
		{71497A23-6B6B-4436-AD12-36C28102296C}.ReleaseCuda_Mkl_Tbb|x64.ActiveCfg = Release|x64
		{71497A23-6B6B-4436-AD12-36C28102296C}.ReleaseCuda_Mkl_Tbb|x64.Build.0 = Release|x64
		{71497A23-6B6B-4436-AD12-36C28102296C}.ReleaseCuda_Mkl_Tbb|x86.ActiveCfg = Release|Win32
		{71497A23-6B6B-4436-AD12-36C28102296C}.ReleaseCuda_Mkl_Tbb|x86.Build.0 = Release|Win32
		{71497A23-6B6B-4436-AD12-36C28102296C}.ReleaseCuda|x64.ActiveCfg = Release|x64
		{71497A23-6B6B-4436-AD12-36C28102296C}.ReleaseCuda|x64.Build.0 = Release|x64
		{71497A23-6B6B-4436-AD12-36C28102296C}.ReleaseCuda|x86.ActiveCfg = Release|Win32
		{71497A23-6B6B-4436-AD12-36C28102296C}.ReleaseCuda|x86.Build.0 = Release|Win32
		{556FC434-D0C3-4B96-BF29-E9CF5CD24F02}.Debug|x64.ActiveCfg = Debug|x64
		{556FC434-D0C3-4B96-BF29-E9CF5CD24F02}.Debug|x64.Build.0 = Debug|x64
		{556FC434-D0C3-4B96-BF29-E9CF5CD24F02}.Debug|x86.ActiveCfg = Debug|Win32
		{556FC434-D0C3-4B96-BF29-E9CF5CD24F02}.Debug|x86.Build.0 = Debug|Win32
		{556FC434-D0C3-4B96-BF29-E9CF5CD24F02}.DebugCuda_Mkl_Tbb|x64.ActiveCfg = DebugCuda_Mkl_Tbb|x64
		{556FC434-D0C3-4B96-BF29-E9CF5CD24F02}.DebugCuda_Mkl_Tbb|x64.Build.0 = DebugCuda_Mkl_Tbb|x64
		{556FC434-D0C3-4B96-BF29-E9CF5CD24F02}.DebugCuda_Mkl_Tbb|x86.ActiveCfg = DebugCuda_Mkl_Tbb|Win32
		{556FC434-D0C3-4B96-BF29-E9CF5CD24F02}.DebugCuda_Mkl_Tbb|x86.Build.0 = DebugCuda_Mkl_Tbb|Win32
		{556FC434-D0C3-4B96-BF29-E9CF5CD24F02}.DebugCuda|x64.ActiveCfg = DebugCuda|x64
		{556FC434-D0C3-4B96-BF29-E9CF5CD24F02}.DebugCuda|x64.Build.0 = DebugCuda|x64
		{556FC434-D0C3-4B96-BF29-E9CF5CD24F02}.DebugCuda|x86.ActiveCfg = DebugCuda|Win32
		{556FC434-D0C3-4B96-BF29-E9CF5CD24F02}.DebugCuda|x86.Build.0 = DebugCuda|Win32
		{556FC434-D0C3-4B96-BF29-E9CF5CD24F02}.Release|x64.ActiveCfg = Release|x64
		{556FC434-D0C3-4B96-BF29-E9CF5CD24F02}.Release|x64.Build.0 = Release|x64
		{556FC434-D0C3-4B96-BF29-E9CF5CD24F02}.Release|x86.ActiveCfg = Release|Win32
		{556FC434-D0C3-4B96-BF29-E9CF5CD24F02}.Release|x86.Build.0 = Release|Win32
		{556FC434-D0C3-4B96-BF29-E9CF5CD24F02}.ReleaseCuda_Mkl_Tbb|x64.ActiveCfg = ReleaseCuda_Mkl_Tbb|x64
		{556FC434-D0C3-4B96-BF29-E9CF5CD24F02}.ReleaseCuda_Mkl_Tbb|x64.Build.0 = ReleaseCuda_Mkl_Tbb|x64
		{556FC434-D0C3-4B96-BF29-E9CF5CD24F02}.ReleaseCuda_Mkl_Tbb|x86.ActiveCfg = ReleaseCuda_Mkl_Tbb|Win32
		{556FC434-D0C3-4B96-BF29-E9CF5CD24F02}.ReleaseCuda_Mkl_Tbb|x86.Build.0 = ReleaseCuda_Mkl_Tbb|Win32
		{556FC434-D0C3-4B96-BF29-E9CF5CD24F02}.ReleaseCuda|x64.ActiveCfg = ReleaseCuda|x64
		{556FC434-D0C3-4B96-BF29-E9CF5CD24F02}.ReleaseCuda|x64.Build.0 = ReleaseCuda|x64
		{556FC434-D0C3-4B96-BF29-E9CF5CD24F02}.ReleaseCuda|x86.ActiveCfg = ReleaseCuda|Win32
		{556FC434-D0C3-4B96-BF29-E9CF5CD24F02}.ReleaseCuda|x86.Build.0 = ReleaseCuda|Win32
	EndGlobalSection
	GlobalSection(SolutionProperties) = preSolution
		HideSolutionNode = FALSE
	EndGlobalSection
	GlobalSection(ExtensibilityGlobals) = postSolution
		SolutionGuid = {583F7E45-FDF1-427E-BF53-FBC9E9B4450D}
	EndGlobalSection
EndGlobal
